
Microsoft Visual Studio Solution File, Format Version 12.00
# Visual Studio 15
VisualStudioVersion = 15.0.27004.2010
MinimumVisualStudioVersion = 10.0.40219.1
Project("{FAE04EC0-301F-11D3-BF4B-00C04F79EFBC}") = "LogicalCacheDesktop", "LogicalCacheDesktop\LogicalCacheDesktop.csproj", "{D9DB38CC-6D49-4F6F-8FF9-76F5A43BB136}"
	ProjectSection(ProjectDependencies) = postProject
		{C4FC51C6-D447-4BE6-98F9-3832D9D019D0} = {C4FC51C6-D447-4BE6-98F9-3832D9D019D0}
	EndProjectSection
EndProject
Project("{FAE04EC0-301F-11D3-BF4B-00C04F79EFBC}") = "LogicalCacheWeb", "LogicalCacheWeb\LogicalCacheWeb.csproj", "{BA7092DB-E23B-40A9-9D3F-938F90D1D3B2}"
	ProjectSection(ProjectDependencies) = postProject
		{C4FC51C6-D447-4BE6-98F9-3832D9D019D0} = {C4FC51C6-D447-4BE6-98F9-3832D9D019D0}
	EndProjectSection
EndProject
Project("{FAE04EC0-301F-11D3-BF4B-00C04F79EFBC}") = "LogicalCacheLibrary", "LogicalCacheLibrary\LogicalCacheLibrary.csproj", "{C4FC51C6-D447-4BE6-98F9-3832D9D019D0}"
EndProject
Global
	GlobalSection(SolutionConfigurationPlatforms) = preSolution
		Debug|Any CPU = Debug|Any CPU
		Release|Any CPU = Release|Any CPU
	EndGlobalSection
	GlobalSection(ProjectConfigurationPlatforms) = postSolution
		{D9DB38CC-6D49-4F6F-8FF9-76F5A43BB136}.Debug|Any CPU.ActiveCfg = Debug|Any CPU
		{D9DB38CC-6D49-4F6F-8FF9-76F5A43BB136}.Debug|Any CPU.Build.0 = Debug|Any CPU
		{D9DB38CC-6D49-4F6F-8FF9-76F5A43BB136}.Release|Any CPU.ActiveCfg = Release|Any CPU
		{D9DB38CC-6D49-4F6F-8FF9-76F5A43BB136}.Release|Any CPU.Build.0 = Release|Any CPU
		{BA7092DB-E23B-40A9-9D3F-938F90D1D3B2}.Debug|Any CPU.ActiveCfg = Debug|Any CPU
		{BA7092DB-E23B-40A9-9D3F-938F90D1D3B2}.Debug|Any CPU.Build.0 = Debug|Any CPU
		{BA7092DB-E23B-40A9-9D3F-938F90D1D3B2}.Release|Any CPU.ActiveCfg = Release|Any CPU
		{BA7092DB-E23B-40A9-9D3F-938F90D1D3B2}.Release|Any CPU.Build.0 = Release|Any CPU
		{C4FC51C6-D447-4BE6-98F9-3832D9D019D0}.Debug|Any CPU.ActiveCfg = Debug|Any CPU
		{C4FC51C6-D447-4BE6-98F9-3832D9D019D0}.Debug|Any CPU.Build.0 = Debug|Any CPU
		{C4FC51C6-D447-4BE6-98F9-3832D9D019D0}.Release|Any CPU.ActiveCfg = Release|Any CPU
		{C4FC51C6-D447-4BE6-98F9-3832D9D019D0}.Release|Any CPU.Build.0 = Release|Any CPU
	EndGlobalSection
	GlobalSection(SolutionProperties) = preSolution
		HideSolutionNode = FALSE
	EndGlobalSection
	GlobalSection(ExtensibilityGlobals) = postSolution
		SolutionGuid = {237F63D5-F9E9-4699-BBE1-1686C61C888A}
	EndGlobalSection
EndGlobal
